lockfileVersion: '9.0'

settings:
  autoInstallPeers: true
  excludeLinksFromLockfile: false

importers:

  .:
    devDependencies:
      '@commitlint/cli':
        specifier: ^20.3.1
        version: 20.3.1
      '@commitlint/config-conventional':
        specifier: ^20.3.1
        version: 20.3.1
      '@types/node':
        specifier: ^20.10.0
        version: 20.19.30
      '@typescript-eslint/eslint-plugin':
        specifier: ^6.15.0
        version: 6.21.0(@typescript-eslint/parser@6.21.0(eslint@8.57.1)(typescript@5.9.3))(eslint@8.57.1)(typescript@5.9.3)
      '@typescript-eslint/parser':
        specifier: ^6.15.0
        version: 6.21.0(eslint@8.57.1)(typescript@5.9.3)
      eslint:
        specifier: ^8.55.0
        version: 8.57.1
      eslint-config-prettier:
        specifier: ^9.1.0
        version: 9.1.2(eslint@8.57.1)
      eslint-plugin-prettier:
        specifier: ^5.0.1
        version: 5.5.5(@types/eslint@8.56.12)(eslint-config-prettier@9.1.2(eslint@8.57.1))(eslint@8.57.1)(prettier@3.8.0)
      markdownlint-cli2:
        specifier: ^0.11.0
        version: 0.11.0
      prettier:
        specifier: ^3.1.0
        version: 3.8.0
      stylelint:
        specifier: ^16.0.2
        version: 16.26.1(typescript@5.9.3)
      stylelint-config-prettier:
        specifier: ^9.0.5
        version: 9.0.5(stylelint@16.26.1(typescript@5.9.3))
      stylelint-config-standard:
        specifier: ^35.0.0
        version: 35.0.0(stylelint@16.26.1(typescript@5.9.3))
      typescript:
        specifier: ^5.3.3
        version: 5.9.3

  apps/startup-blueprint:
    devDependencies:
      '@cloudflare/workers-types':
        specifier: ^4.20240117.0
        version: 4.20240117.0
      '@playwright/test':
        specifier: ^1.40.0
        version: 1.48.2
      eslint:
        specifier: ^8.56.0
        version: 8.57.1
      typescript:
        specifier: ^5.3.3
        version: 5.9.3
      vitest:
        specifier: ^1.2.0
        version: 1.6.0(@types/node@20.19.30)
      wrangler:
        specifier: ^3.22.0
        version: 3.112.0

packages:

  '@cloudflare/workers-types@4.20240117.0':
    resolution: {integrity: sha512-LKGrDAYMZdv5vH5xfwXGgc2aZX94T1WTQqiEU+a7W5c3wgzmJBhSE0PaakwF8PJqsW+8FAUvG+tU0i/Z2w4Z9Q==}

  '@playwright/test@1.48.2':
    resolution: {integrity: sha512-54w1xCWfXuax7dz4W2M9uw0gDyh+ti/0K/MxcCUxChFh88vzhbBgHtN66PQxvyPmPv7KqBe8eRJKxgpPBhCYdQ==}
    engines: {node: '>=18'}
    hasBin: true

  '@types/node@20.19.30':
    resolution: {integrity: sha512-WJtwWJu7UdlvzEAoq5QR08KDNx7g45Usrs2NtOPiX8ugDqmKdXkyL03rBqU5dYNYVQetEpBHq2g1J0MqJ3hqZw==}

  '@vitest/expect@1.6.0':
    resolution: {integrity: sha512-ixEvFVQjycy/oNgHjqsL6AZCDduC+tflRluaHIzKIsdbzkLn2U/iBnVeJwB6HsIjQBdfMR8Z0tRxKUsvFJEeWQ==}

  '@vitest/runner@1.6.0':
    resolution: {integrity: sha512-P4xgwPjwesuBiHisAVz/LSSZtDjOTPYZVmNAnpHHSR6ONrf8eCJOFRvUwdHn30F5M1fxhqtl7QZQUk2dprIXAg==}

  '@vitest/snapshot@1.6.0':
    resolution: {integrity: sha512-+Hx43f8Chus+DCmygqqfetcAZrDJwvTj0ymqjQq4CvmpKFSTVteEOBzCusu1x2tt4OJcvBflyHUE0DZSLgEMtQ==}

  '@vitest/spy@1.6.0':
    resolution: {integrity: sha512-leUTap6B/cqi/bQkXUu6bQV5TZPx7pmMBKBQiI0rJA8c3pB56ZsaTbREnF7CJfmvAS4V2cXIBAh/3rVwrrCYgw==}

  '@vitest/utils@1.6.0':
    resolution: {integrity: sha512-21cPiuGMoMZwiOHa2i4LXkMkMkCGzA+MVFV70jRwHo95dL4x/ts5GZhML1QWuy7yfp3WzK3lRvZi3JnXTYqrBw==}

  'typescript@5.9.3':
    resolution: {integrity: sha512-6vg2a0l/eqlhEiGZWcj/u1vGtZfvvxqKlGE8u6d7n8R0dW1n3u4eBbS5gAqmclFgwCF1kHOj6o2S9y1TwLXzRA==}
    engines: {node: '>=14.17'}
    hasBin: true

  'undici-types@6.21.0':
    resolution: {integrity: sha512-F5UkEQQ0zKqkV6tgKBuYt3+3Nd4w0z2KqArR3UpjQC1P4JqG0GCF1y+XqKLp2B6vqkdyPgrYC6vYfLz1dqj0UQ==}

  'vitest@1.6.0':
    resolution: {integrity: sha512-H5r/dN06swuFnzNFhq/dnz37bPXnq8xB2xB5JOVk8K09rUtoeNN+LHWkoQ0A/i3hvbUKKcCei9KpbxqHMLhLLA==}
    engines: {node: ^18.0.0 || >=20.0.0}
    hasBin: true
    peerDependencies:
      '@edge-runtime/vm': '*'
      '@types/node': ^18.0.0 || >=20.0.0
      '@vitest/browser': 1.6.0
      '@vitest/ui': 1.6.0
      happy-dom: '*'
      jsdom: '*'
    peerDependenciesMeta:
      '@edge-runtime/vm':
        optional: true
      '@types/node':
        optional: true
      '@vitest/browser':
        optional: true
      '@vitest/ui':
        optional: true
      happy-dom:
        optional: true
      jsdom:
        optional: true

  'wrangler@3.112.0':
    resolution: {integrity: sha512-rNTLtGdW8i2FgG6LhWXmLwl3YWE8L+0U5/p9+Dm0L7wPwGGU1wqFR3xQj2dF8SL/6xP1m6a8HqQ1P4A5L8V6Ag==}
    engines: {node: '>=16.17.0'}
    hasBin: true

snapshots:

  '@cloudflare/workers-types@4.20240117.0': {}

  '@playwright/test@1.48.2':
    dependencies:
      playwright: 1.48.2

  '@types/node@20.19.30':
    dependencies:
      undici-types: 6.21.0

  '@vitest/expect@1.6.0':
    dependencies:
      '@vitest/spy': 1.6.0
      '@vitest/utils': 1.6.0
      chai: 4.5.0

  '@vitest/runner@1.6.0':
    dependencies:
      '@vitest/utils': 1.6.0
      p-limit: 5.0.0
      pathe: 1.1.2

  '@vitest/snapshot@1.6.0':
    dependencies:
      magic-string: 0.30.12
      pathe: 1.1.2
      pretty-format: 29.7.0

  '@vitest/spy@1.6.0':
    dependencies:
      tinyspy: 2.2.1

  '@vitest/utils@1.6.0':
    dependencies:
      diff-sequences: 29.6.3
      estree-walker: 3.0.3
      loupe: 2.3.7
      pretty-format: 29.7.0

  'typescript@5.9.3': {}

  'undici-types@6.21.0': {}

  'vitest@1.6.0(@types/node@20.19.30)':
    dependencies:
      '@types/node': 20.19.30
      '@vitest/expect': 1.6.0
      '@vitest/runner': 1.6.0
      '@vitest/snapshot': 1.6.0
      '@vitest/spy': 1.6.0
      '@vitest/utils': 1.6.0
      acorn: 8.14.0
      acorn-walk: 8.3.4
      cac: 6.7.14
      chai: 4.5.0
      debug: 4.4.3
      execa: 8.0.1
      local-pkg: 0.5.1
      magic-string: 0.30.12
      pathe: 1.1.2
      picocolors: 1.1.1
      std-env: 3.8.0
      strip-literal: 2.1.1
      tinybench: 2.9.0
      tinypool: 0.8.4
      vite: 5.4.11(@types/node@20.19.30)
      vite-node: 1.6.0(@types/node@20.19.30)
      why-is-node-running: 2.3.0
    transitivePeerDependencies:
      - less
      - lightningcss
      - sass
      - stylus
      - sugarss
      - supports-color
      - terser

  'wrangler@3.112.0':
    optionalDependencies:
      fsevents: 2.3.3
